
Microsoft Visual Studio Solution File, Format Version 12.00
# Visual Studio Version 17
VisualStudioVersion = 17.5.2.0
MinimumVisualStudioVersion = 10.0.40219.1
Project("{9A19103F-16F7-4668-BE54-9A1E7A4F7556}") = "SeasonViewer", "SeasonViewer\SeasonViewer.csproj", "{AFC057E9-8F6B-4445-955F-27B52115F807}"
EndProject
Project("{9A19103F-16F7-4668-BE54-9A1E7A4F7556}") = "SeasonViewer.Tests", "SeasonViewer.Tests\SeasonViewer.Tests.csproj", "{6F780989-63D6-4896-8DBC-6F840165F5AA}"
EndProject
Global
	GlobalSection(SolutionConfigurationPlatforms) = preSolution
		Debug|Any CPU = Debug|Any CPU
		Release|Any CPU = Release|Any CPU
	EndGlobalSection
	GlobalSection(ProjectConfigurationPlatforms) = postSolution
		{AFC057E9-8F6B-4445-955F-27B52115F807}.Debug|Any CPU.ActiveCfg = Debug|Any CPU
		{AFC057E9-8F6B-4445-955F-27B52115F807}.Debug|Any CPU.Build.0 = Debug|Any CPU
		{AFC057E9-8F6B-4445-955F-27B52115F807}.Release|Any CPU.ActiveCfg = Release|Any CPU
		{AFC057E9-8F6B-4445-955F-27B52115F807}.Release|Any CPU.Build.0 = Release|Any CPU
		{6F780989-63D6-4896-8DBC-6F840165F5AA}.Debug|Any CPU.ActiveCfg = Debug|Any CPU
		{6F780989-63D6-4896-8DBC-6F840165F5AA}.Debug|Any CPU.Build.0 = Debug|Any CPU
		{6F780989-63D6-4896-8DBC-6F840165F5AA}.Release|Any CPU.ActiveCfg = Release|Any CPU
		{6F780989-63D6-4896-8DBC-6F840165F5AA}.Release|Any CPU.Build.0 = Release|Any CPU
	EndGlobalSection
	GlobalSection(SolutionProperties) = preSolution
		HideSolutionNode = FALSE
	EndGlobalSection
	GlobalSection(ExtensibilityGlobals) = postSolution
		SolutionGuid = {8E7390C2-4FB8-4C96-8AC4-B5DC17B236EC}
	EndGlobalSection
EndGlobal
